
Microsoft Visual Studio Solution File, Format Version 12.00
# Visual Studio Version 17
VisualStudioVersion = 17.0.32014.148
MinimumVisualStudioVersion = 10.0.40219.1
Project("{FAE04EC0-301F-11D3-BF4B-00C04F79EFBC}") = "BinarySearchTree", "BinarySearchTree\BinarySearchTree.csproj", "{F70651A6-B649-4394-8552-25ED3980763D}"
EndProject
Global
	GlobalSection(SolutionConfigurationPlatforms) = preSolution
		Debug|Any CPU = Debug|Any CPU
		Release|Any CPU = Release|Any CPU
	EndGlobalSection
	GlobalSection(ProjectConfigurationPlatforms) = postSolution
		{F70651A6-B649-4394-8552-25ED3980763D}.Debug|Any CPU.ActiveCfg = Debug|Any CPU
		{F70651A6-B649-4394-8552-25ED3980763D}.Debug|Any CPU.Build.0 = Debug|Any CPU
		{F70651A6-B649-4394-8552-25ED3980763D}.Release|Any CPU.ActiveCfg = Release|Any CPU
		{F70651A6-B649-4394-8552-25ED3980763D}.Release|Any CPU.Build.0 = Release|Any CPU
	EndGlobalSection
	GlobalSection(SolutionProperties) = preSolution
		HideSolutionNode = FALSE
	EndGlobalSection
	GlobalSection(ExtensibilityGlobals) = postSolution
		SolutionGuid = {D44A6210-CE0C-4F9D-B9E0-60001E1FEEC9}
	EndGlobalSection
EndGlobal
